
Microsoft Visual Studio Solution File, Format Version 12.00
# Visual Studio 15
Project("{FAE04EC0-301F-11D3-BF4B-00C04F79EFBC}") = "UnityEngine.UI", "UnityEngine.UI.csproj", "{C0C61F5D-30F6-6764-F405-1F0D76616A34}"
EndProject
Project("{FAE04EC0-301F-11D3-BF4B-00C04F79EFBC}") = "UnityEngine.TestRunner", "UnityEngine.TestRunner.csproj", "{F014D4FE-C8EF-E3F5-9135-450B24C6CE6F}"
EndProject
Project("{FAE04EC0-301F-11D3-BF4B-00C04F79EFBC}") = "Unity.Mathematics", "Unity.Mathematics.csproj", "{B035FCF0-1873-526D-B8FB-ECCE5979AED4}"
EndProject
Project("{FAE04EC0-301F-11D3-BF4B-00C04F79EFBC}") = "Unity.2D.Animation.Triangle.Runtime", "Unity.2D.Animation.Triangle.Runtime.csproj", "{9C59D536-A4BB-B0B4-238F-BD14FA0130B5}"
EndProject
Project("{FAE04EC0-301F-11D3-BF4B-00C04F79EFBC}") = "Unity.Timeline", "Unity.Timeline.csproj", "{D420848B-72A6-EB18-0BA2-AC249B0E8651}"
EndProject
Project("{FAE04EC0-301F-11D3-BF4B-00C04F79EFBC}") = "Unity.TextMeshPro", "Unity.TextMeshPro.csproj", "{4130CF58-9504-AA01-111D-F05E25DBA37E}"
EndProject
Project("{FAE04EC0-301F-11D3-BF4B-00C04F79EFBC}") = "Unity.2D.Animation.Runtime", "Unity.2D.Animation.Runtime.csproj", "{048CC68E-AD8B-B452-7075-1E0BA9728396}"
EndProject
Project("{FAE04EC0-301F-11D3-BF4B-00C04F79EFBC}") = "Assembly-CSharp", "Assembly-CSharp.csproj", "{789AFE43-7457-7380-68FA-4D3891B70F6A}"
EndProject
Project("{FAE04EC0-301F-11D3-BF4B-00C04F79EFBC}") = "Unity.2D.IK.Runtime", "Unity.2D.IK.Runtime.csproj", "{02187C43-EE98-7CDD-220F-CD3D0B6058B2}"
EndProject
Project("{FAE04EC0-301F-11D3-BF4B-00C04F79EFBC}") = "Unity.2D.SpriteShape.Runtime", "Unity.2D.SpriteShape.Runtime.csproj", "{92A0DD95-DB64-E23A-6BC3-50484BCC7E29}"
EndProject
Project("{FAE04EC0-301F-11D3-BF4B-00C04F79EFBC}") = "Unity.2D.PixelPerfect", "Unity.2D.PixelPerfect.csproj", "{6AFA6BE8-5FB4-9E9C-F71C-71741D397331}"
EndProject
Project("{FAE04EC0-301F-11D3-BF4B-00C04F79EFBC}") = "Unity.2D.Common.Runtime", "Unity.2D.Common.Runtime.csproj", "{111BD986-75A2-A60A-1DF0-686A42DF134C}"
EndProject
Project("{FAE04EC0-301F-11D3-BF4B-00C04F79EFBC}") = "Unity.InternalAPIEngineBridge.001", "Unity.InternalAPIEngineBridge.001.csproj", "{74155B69-2643-1654-D6FC-E014812E740A}"
EndProject
Project("{FAE04EC0-301F-11D3-BF4B-00C04F79EFBC}") = "UnityEditor.TestRunner", "UnityEditor.TestRunner.csproj", "{267E46A9-8857-04F5-0BF1-83CA3C0D7D4A}"
EndProject
Project("{FAE04EC0-301F-11D3-BF4B-00C04F79EFBC}") = "Unity.PlasticSCM.Editor", "Unity.PlasticSCM.Editor.csproj", "{F01F63EA-6CF4-7175-2A60-59BF232F44D3}"
EndProject
Project("{FAE04EC0-301F-11D3-BF4B-00C04F79EFBC}") = "UnityEditor.UI", "UnityEditor.UI.csproj", "{6E0411AA-13A7-6FFA-B9C3-E82830819890}"
EndProject
Project("{FAE04EC0-301F-11D3-BF4B-00C04F79EFBC}") = "Unity.Timeline.Editor", "Unity.Timeline.Editor.csproj", "{4C659613-6A1E-9802-D5FA-6E882D4510C4}"
EndProject
Project("{FAE04EC0-301F-11D3-BF4B-00C04F79EFBC}") = "Unity.VisualStudio.Editor", "Unity.VisualStudio.Editor.csproj", "{EDF9D941-E32E-E4DB-5E66-4D55AFC79B7C}"
EndProject
Project("{FAE04EC0-301F-11D3-BF4B-00C04F79EFBC}") = "Unity.2D.Psdimporter.Editor", "Unity.2D.Psdimporter.Editor.csproj", "{41DA8F8F-3E3C-8C2C-82A1-AB3D8BBB287C}"
EndProject
Project("{FAE04EC0-301F-11D3-BF4B-00C04F79EFBC}") = "Unity.2D.Animation.Editor", "Unity.2D.Animation.Editor.csproj", "{BB5E944D-B170-5F92-B28F-F46467C54AC0}"
EndProject
Project("{FAE04EC0-301F-11D3-BF4B-00C04F79EFBC}") = "Unity.TextMeshPro.Editor", "Unity.TextMeshPro.Editor.csproj", "{7233DBBF-7BA7-9041-DECC-B26D544F7957}"
EndProject
Project("{FAE04EC0-301F-11D3-BF4B-00C04F79EFBC}") = "Unity.2D.SpriteShape.Editor", "Unity.2D.SpriteShape.Editor.csproj", "{B10C20C5-E3C8-1415-E442-05D39BF092FD}"
EndProject
Project("{FAE04EC0-301F-11D3-BF4B-00C04F79EFBC}") = "Unity.CollabProxy.Editor", "Unity.CollabProxy.Editor.csproj", "{340C04BF-DAF5-1E31-28F5-13D87DE48770}"
EndProject
Project("{FAE04EC0-301F-11D3-BF4B-00C04F79EFBC}") = "PsdPlugin", "PsdPlugin.csproj", "{25BF72EF-9043-B6FD-9936-9402393EB8ED}"
EndProject
Project("{FAE04EC0-301F-11D3-BF4B-00C04F79EFBC}") = "Unity.2D.Path.Editor", "Unity.2D.Path.Editor.csproj", "{A6E6A35C-91C7-BCDF-16CF-98F6605C59DA}"
EndProject
Project("{FAE04EC0-301F-11D3-BF4B-00C04F79EFBC}") = "Unity.Rider.Editor", "Unity.Rider.Editor.csproj", "{5237D37B-BE5E-6C42-36F3-D9AA0337963F}"
EndProject
Project("{FAE04EC0-301F-11D3-BF4B-00C04F79EFBC}") = "Unity.2D.IK.Editor", "Unity.2D.IK.Editor.csproj", "{8A17D343-0178-5B2B-766A-5C22F2C4F880}"
EndProject
Project("{FAE04EC0-301F-11D3-BF4B-00C04F79EFBC}") = "Unity.2D.Sprite.Editor", "Unity.2D.Sprite.Editor.csproj", "{3AFA92B3-35A4-2495-2F6B-1DBF456C360E}"
EndProject
Project("{FAE04EC0-301F-11D3-BF4B-00C04F79EFBC}") = "Unity.2D.Tilemap.Editor", "Unity.2D.Tilemap.Editor.csproj", "{6EDEF9E3-7784-3D16-10AB-68FB1A62E12C}"
EndProject
Project("{FAE04EC0-301F-11D3-BF4B-00C04F79EFBC}") = "Unity.2D.PixelPerfect.Editor", "Unity.2D.PixelPerfect.Editor.csproj", "{74C8A06F-2CA6-6C45-151B-4A4C64990825}"
EndProject
Project("{FAE04EC0-301F-11D3-BF4B-00C04F79EFBC}") = "Unity.VSCode.Editor", "Unity.VSCode.Editor.csproj", "{52689705-E2D2-DAAE-53F8-8C4B7B4D309A}"
EndProject
Project("{FAE04EC0-301F-11D3-BF4B-00C04F79EFBC}") = "Unity.2D.Common.Editor", "Unity.2D.Common.Editor.csproj", "{E380711F-38E5-97CE-A6B9-5F8A9CD92135}"
EndProject
Project("{FAE04EC0-301F-11D3-BF4B-00C04F79EFBC}") = "Unity.Mathematics.Editor", "Unity.Mathematics.Editor.csproj", "{FA0A00FE-7FC5-6261-4F18-874A7489670C}"
EndProject
Project("{FAE04EC0-301F-11D3-BF4B-00C04F79EFBC}") = "Unity.InternalAPIEditorBridge.001", "Unity.InternalAPIEditorBridge.001.csproj", "{5B847E07-BD37-EEED-A19B-171165E366F1}"
EndProject
Project("{FAE04EC0-301F-11D3-BF4B-00C04F79EFBC}") = "UnityEngine.UI", "UnityEngine.UI.Player.csproj", "{36D5DE94-AB39-E244-4935-FB03C68652AA}"
EndProject
Project("{FAE04EC0-301F-11D3-BF4B-00C04F79EFBC}") = "UnityEngine.TestRunner", "UnityEngine.TestRunner.Player.csproj", "{7780B908-A186-8558-E79D-D8D648E47A1A}"
EndProject
Project("{FAE04EC0-301F-11D3-BF4B-00C04F79EFBC}") = "Unity.Mathematics", "Unity.Mathematics.Player.csproj", "{86BD58AE-B011-2B65-45C2-F320289406B6}"
EndProject
Project("{FAE04EC0-301F-11D3-BF4B-00C04F79EFBC}") = "Unity.2D.Animation.Triangle.Runtime", "Unity.2D.Animation.Triangle.Runtime.Player.csproj", "{1D576B3C-F444-CA55-371D-950A9893D0B8}"
EndProject
Project("{FAE04EC0-301F-11D3-BF4B-00C04F79EFBC}") = "Unity.Timeline", "Unity.Timeline.Player.csproj", "{88BDA64B-E1A9-85D2-71F0-5846D1A4CA21}"
EndProject
Project("{FAE04EC0-301F-11D3-BF4B-00C04F79EFBC}") = "Unity.TextMeshPro", "Unity.TextMeshPro.Player.csproj", "{3D2BBD4B-B92A-3D43-23EC-6D1F9BC46A49}"
EndProject
Project("{FAE04EC0-301F-11D3-BF4B-00C04F79EFBC}") = "Unity.2D.Animation.Runtime", "Unity.2D.Animation.Runtime.Player.csproj", "{3D7302FD-3DD9-6CB9-A157-482A3B13C770}"
EndProject
Project("{FAE04EC0-301F-11D3-BF4B-00C04F79EFBC}") = "Assembly-CSharp", "Assembly-CSharp.Player.csproj", "{76820923-C9DD-059F-E247-57220DC802A9}"
EndProject
Project("{FAE04EC0-301F-11D3-BF4B-00C04F79EFBC}") = "Unity.2D.IK.Runtime", "Unity.2D.IK.Runtime.Player.csproj", "{E7869540-14B4-5C32-FE92-8A99ECE7ACF5}"
EndProject
Project("{FAE04EC0-301F-11D3-BF4B-00C04F79EFBC}") = "Unity.2D.SpriteShape.Runtime", "Unity.2D.SpriteShape.Runtime.Player.csproj", "{96D939BF-3F2F-66B9-DE55-55F3C9D5A1CD}"
EndProject
Project("{FAE04EC0-301F-11D3-BF4B-00C04F79EFBC}") = "Unity.2D.PixelPerfect", "Unity.2D.PixelPerfect.Player.csproj", "{6266D837-E09D-4D14-7C63-D993FEAB327F}"
EndProject
Project("{FAE04EC0-301F-11D3-BF4B-00C04F79EFBC}") = "Unity.2D.Common.Runtime", "Unity.2D.Common.Runtime.Player.csproj", "{F40C7DE6-A486-3C8B-969D-358FE0B4C5CC}"
EndProject
Project("{FAE04EC0-301F-11D3-BF4B-00C04F79EFBC}") = "Unity.InternalAPIEngineBridge.001", "Unity.InternalAPIEngineBridge.001.Player.csproj", "{154DB4F9-DB07-F628-789B-4DE3DB2B4264}"
EndProject
Global
	GlobalSection(SolutionConfigurationPlatforms) = preSolution
		Debug|Any CPU = Debug|Any CPU
		Release|Any CPU = Release|Any CPU
	EndGlobalSection
	GlobalSection(ProjectConfigurationPlatforms) = postSolution
		{C0C61F5D-30F6-6764-F405-1F0D76616A34}.Debug|Any CPU.ActiveCfg = Debug|Any CPU
		{C0C61F5D-30F6-6764-F405-1F0D76616A34}.Debug|Any CPU.Build.0 = Debug|Any CPU
		{C0C61F5D-30F6-6764-F405-1F0D76616A34}.Release|Any CPU.ActiveCfg = Release|Any CPU
		{C0C61F5D-30F6-6764-F405-1F0D76616A34}.Release|Any CPU.Build.0 = Release|Any CPU
		{F014D4FE-C8EF-E3F5-9135-450B24C6CE6F}.Debug|Any CPU.ActiveCfg = Debug|Any CPU
		{F014D4FE-C8EF-E3F5-9135-450B24C6CE6F}.Debug|Any CPU.Build.0 = Debug|Any CPU
		{F014D4FE-C8EF-E3F5-9135-450B24C6CE6F}.Release|Any CPU.ActiveCfg = Release|Any CPU
		{F014D4FE-C8EF-E3F5-9135-450B24C6CE6F}.Release|Any CPU.Build.0 = Release|Any CPU
		{B035FCF0-1873-526D-B8FB-ECCE5979AED4}.Debug|Any CPU.ActiveCfg = Debug|Any CPU
		{B035FCF0-1873-526D-B8FB-ECCE5979AED4}.Debug|Any CPU.Build.0 = Debug|Any CPU
		{B035FCF0-1873-526D-B8FB-ECCE5979AED4}.Release|Any CPU.ActiveCfg = Release|Any CPU
		{B035FCF0-1873-526D-B8FB-ECCE5979AED4}.Release|Any CPU.Build.0 = Release|Any CPU
		{9C59D536-A4BB-B0B4-238F-BD14FA0130B5}.Debug|Any CPU.ActiveCfg = Debug|Any CPU
		{9C59D536-A4BB-B0B4-238F-BD14FA0130B5}.Debug|Any CPU.Build.0 = Debug|Any CPU
		{9C59D536-A4BB-B0B4-238F-BD14FA0130B5}.Release|Any CPU.ActiveCfg = Release|Any CPU
		{9C59D536-A4BB-B0B4-238F-BD14FA0130B5}.Release|Any CPU.Build.0 = Release|Any CPU
		{D420848B-72A6-EB18-0BA2-AC249B0E8651}.Debug|Any CPU.ActiveCfg = Debug|Any CPU
		{D420848B-72A6-EB18-0BA2-AC249B0E8651}.Debug|Any CPU.Build.0 = Debug|Any CPU
		{D420848B-72A6-EB18-0BA2-AC249B0E8651}.Release|Any CPU.ActiveCfg = Release|Any CPU
		{D420848B-72A6-EB18-0BA2-AC249B0E8651}.Release|Any CPU.Build.0 = Release|Any CPU
		{4130CF58-9504-AA01-111D-F05E25DBA37E}.Debug|Any CPU.ActiveCfg = Debug|Any CPU
		{4130CF58-9504-AA01-111D-F05E25DBA37E}.Debug|Any CPU.Build.0 = Debug|Any CPU
		{4130CF58-9504-AA01-111D-F05E25DBA37E}.Release|Any CPU.ActiveCfg = Release|Any CPU
		{4130CF58-9504-AA01-111D-F05E25DBA37E}.Release|Any CPU.Build.0 = Release|Any CPU
		{048CC68E-AD8B-B452-7075-1E0BA9728396}.Debug|Any CPU.ActiveCfg = Debug|Any CPU
		{048CC68E-AD8B-B452-7075-1E0BA9728396}.Debug|Any CPU.Build.0 = Debug|Any CPU
		{048CC68E-AD8B-B452-7075-1E0BA9728396}.Release|Any CPU.ActiveCfg = Release|Any CPU
		{048CC68E-AD8B-B452-7075-1E0BA9728396}.Release|Any CPU.Build.0 = Release|Any CPU
		{789AFE43-7457-7380-68FA-4D3891B70F6A}.Debug|Any CPU.ActiveCfg = Debug|Any CPU
		{789AFE43-7457-7380-68FA-4D3891B70F6A}.Debug|Any CPU.Build.0 = Debug|Any CPU
		{789AFE43-7457-7380-68FA-4D3891B70F6A}.Release|Any CPU.ActiveCfg = Release|Any CPU
		{789AFE43-7457-7380-68FA-4D3891B70F6A}.Release|Any CPU.Build.0 = Release|Any CPU
		{02187C43-EE98-7CDD-220F-CD3D0B6058B2}.Debug|Any CPU.ActiveCfg = Debug|Any CPU
		{02187C43-EE98-7CDD-220F-CD3D0B6058B2}.Debug|Any CPU.Build.0 = Debug|Any CPU
		{02187C43-EE98-7CDD-220F-CD3D0B6058B2}.Release|Any CPU.ActiveCfg = Release|Any CPU
		{02187C43-EE98-7CDD-220F-CD3D0B6058B2}.Release|Any CPU.Build.0 = Release|Any CPU
		{92A0DD95-DB64-E23A-6BC3-50484BCC7E29}.Debug|Any CPU.ActiveCfg = Debug|Any CPU
		{92A0DD95-DB64-E23A-6BC3-50484BCC7E29}.Debug|Any CPU.Build.0 = Debug|Any CPU
		{92A0DD95-DB64-E23A-6BC3-50484BCC7E29}.Release|Any CPU.ActiveCfg = Release|Any CPU
		{92A0DD95-DB64-E23A-6BC3-50484BCC7E29}.Release|Any CPU.Build.0 = Release|Any CPU
		{6AFA6BE8-5FB4-9E9C-F71C-71741D397331}.Debug|Any CPU.ActiveCfg = Debug|Any CPU
		{6AFA6BE8-5FB4-9E9C-F71C-71741D397331}.Debug|Any CPU.Build.0 = Debug|Any CPU
		{6AFA6BE8-5FB4-9E9C-F71C-71741D397331}.Release|Any CPU.ActiveCfg = Release|Any CPU
		{6AFA6BE8-5FB4-9E9C-F71C-71741D397331}.Release|Any CPU.Build.0 = Release|Any CPU
		{111BD986-75A2-A60A-1DF0-686A42DF134C}.Debug|Any CPU.ActiveCfg = Debug|Any CPU
		{111BD986-75A2-A60A-1DF0-686A42DF134C}.Debug|Any CPU.Build.0 = Debug|Any CPU
		{111BD986-75A2-A60A-1DF0-686A42DF134C}.Release|Any CPU.ActiveCfg = Release|Any CPU
		{111BD986-75A2-A60A-1DF0-686A42DF134C}.Release|Any CPU.Build.0 = Release|Any CPU
		{74155B69-2643-1654-D6FC-E014812E740A}.Debug|Any CPU.ActiveCfg = Debug|Any CPU
		{74155B69-2643-1654-D6FC-E014812E740A}.Debug|Any CPU.Build.0 = Debug|Any CPU
		{74155B69-2643-1654-D6FC-E014812E740A}.Release|Any CPU.ActiveCfg = Release|Any CPU
		{74155B69-2643-1654-D6FC-E014812E740A}.Release|Any CPU.Build.0 = Release|Any CPU
		{267E46A9-8857-04F5-0BF1-83CA3C0D7D4A}.Debug|Any CPU.ActiveCfg = Debug|Any CPU
		{267E46A9-8857-04F5-0BF1-83CA3C0D7D4A}.Debug|Any CPU.Build.0 = Debug|Any CPU
		{267E46A9-8857-04F5-0BF1-83CA3C0D7D4A}.Release|Any CPU.ActiveCfg = Release|Any CPU
		{267E46A9-8857-04F5-0BF1-83CA3C0D7D4A}.Release|Any CPU.Build.0 = Release|Any CPU
		{F01F63EA-6CF4-7175-2A60-59BF232F44D3}.Debug|Any CPU.ActiveCfg = Debug|Any CPU
		{F01F63EA-6CF4-7175-2A60-59BF232F44D3}.Debug|Any CPU.Build.0 = Debug|Any CPU
		{F01F63EA-6CF4-7175-2A60-59BF232F44D3}.Release|Any CPU.ActiveCfg = Release|Any CPU
		{F01F63EA-6CF4-7175-2A60-59BF232F44D3}.Release|Any CPU.Build.0 = Release|Any CPU
		{6E0411AA-13A7-6FFA-B9C3-E82830819890}.Debug|Any CPU.ActiveCfg = Debug|Any CPU
		{6E0411AA-13A7-6FFA-B9C3-E82830819890}.Debug|Any CPU.Build.0 = Debug|Any CPU
		{6E0411AA-13A7-6FFA-B9C3-E82830819890}.Release|Any CPU.ActiveCfg = Release|Any CPU
		{6E0411AA-13A7-6FFA-B9C3-E82830819890}.Release|Any CPU.Build.0 = Release|Any CPU
		{4C659613-6A1E-9802-D5FA-6E882D4510C4}.Debug|Any CPU.ActiveCfg = Debug|Any CPU
		{4C659613-6A1E-9802-D5FA-6E882D4510C4}.Debug|Any CPU.Build.0 = Debug|Any CPU
		{4C659613-6A1E-9802-D5FA-6E882D4510C4}.Release|Any CPU.ActiveCfg = Release|Any CPU
		{4C659613-6A1E-9802-D5FA-6E882D4510C4}.Release|Any CPU.Build.0 = Release|Any CPU
		{EDF9D941-E32E-E4DB-5E66-4D55AFC79B7C}.Debug|Any CPU.ActiveCfg = Debug|Any CPU
		{EDF9D941-E32E-E4DB-5E66-4D55AFC79B7C}.Debug|Any CPU.Build.0 = Debug|Any CPU
		{EDF9D941-E32E-E4DB-5E66-4D55AFC79B7C}.Release|Any CPU.ActiveCfg = Release|Any CPU
		{EDF9D941-E32E-E4DB-5E66-4D55AFC79B7C}.Release|Any CPU.Build.0 = Release|Any CPU
		{41DA8F8F-3E3C-8C2C-82A1-AB3D8BBB287C}.Debug|Any CPU.ActiveCfg = Debug|Any CPU
		{41DA8F8F-3E3C-8C2C-82A1-AB3D8BBB287C}.Debug|Any CPU.Build.0 = Debug|Any CPU
		{41DA8F8F-3E3C-8C2C-82A1-AB3D8BBB287C}.Release|Any CPU.ActiveCfg = Release|Any CPU
		{41DA8F8F-3E3C-8C2C-82A1-AB3D8BBB287C}.Release|Any CPU.Build.0 = Release|Any CPU
		{BB5E944D-B170-5F92-B28F-F46467C54AC0}.Debug|Any CPU.ActiveCfg = Debug|Any CPU
		{BB5E944D-B170-5F92-B28F-F46467C54AC0}.Debug|Any CPU.Build.0 = Debug|Any CPU
		{BB5E944D-B170-5F92-B28F-F46467C54AC0}.Release|Any CPU.ActiveCfg = Release|Any CPU
		{BB5E944D-B170-5F92-B28F-F46467C54AC0}.Release|Any CPU.Build.0 = Release|Any CPU
		{7233DBBF-7BA7-9041-DECC-B26D544F7957}.Debug|Any CPU.ActiveCfg = Debug|Any CPU
		{7233DBBF-7BA7-9041-DECC-B26D544F7957}.Debug|Any CPU.Build.0 = Debug|Any CPU
		{7233DBBF-7BA7-9041-DECC-B26D544F7957}.Release|Any CPU.ActiveCfg = Release|Any CPU
		{7233DBBF-7BA7-9041-DECC-B26D544F7957}.Release|Any CPU.Build.0 = Release|Any CPU
		{B10C20C5-E3C8-1415-E442-05D39BF092FD}.Debug|Any CPU.ActiveCfg = Debug|Any CPU
		{B10C20C5-E3C8-1415-E442-05D39BF092FD}.Debug|Any CPU.Build.0 = Debug|Any CPU
		{B10C20C5-E3C8-1415-E442-05D39BF092FD}.Release|Any CPU.ActiveCfg = Release|Any CPU
		{B10C20C5-E3C8-1415-E442-05D39BF092FD}.Release|Any CPU.Build.0 = Release|Any CPU
		{340C04BF-DAF5-1E31-28F5-13D87DE48770}.Debug|Any CPU.ActiveCfg = Debug|Any CPU
		{340C04BF-DAF5-1E31-28F5-13D87DE48770}.Debug|Any CPU.Build.0 = Debug|Any CPU
		{340C04BF-DAF5-1E31-28F5-13D87DE48770}.Release|Any CPU.ActiveCfg = Release|Any CPU
		{340C04BF-DAF5-1E31-28F5-13D87DE48770}.Release|Any CPU.Build.0 = Release|Any CPU
		{25BF72EF-9043-B6FD-9936-9402393EB8ED}.Debug|Any CPU.ActiveCfg = Debug|Any CPU
		{25BF72EF-9043-B6FD-9936-9402393EB8ED}.Debug|Any CPU.Build.0 = Debug|Any CPU
		{25BF72EF-9043-B6FD-9936-9402393EB8ED}.Release|Any CPU.ActiveCfg = Release|Any CPU
		{25BF72EF-9043-B6FD-9936-9402393EB8ED}.Release|Any CPU.Build.0 = Release|Any CPU
		{A6E6A35C-91C7-BCDF-16CF-98F6605C59DA}.Debug|Any CPU.ActiveCfg = Debug|Any CPU
		{A6E6A35C-91C7-BCDF-16CF-98F6605C59DA}.Debug|Any CPU.Build.0 = Debug|Any CPU
		{A6E6A35C-91C7-BCDF-16CF-98F6605C59DA}.Release|Any CPU.ActiveCfg = Release|Any CPU
		{A6E6A35C-91C7-BCDF-16CF-98F6605C59DA}.Release|Any CPU.Build.0 = Release|Any CPU
		{5237D37B-BE5E-6C42-36F3-D9AA0337963F}.Debug|Any CPU.ActiveCfg = Debug|Any CPU
		{5237D37B-BE5E-6C42-36F3-D9AA0337963F}.Debug|Any CPU.Build.0 = Debug|Any CPU
		{5237D37B-BE5E-6C42-36F3-D9AA0337963F}.Release|Any CPU.ActiveCfg = Release|Any CPU
		{5237D37B-BE5E-6C42-36F3-D9AA0337963F}.Release|Any CPU.Build.0 = Release|Any CPU
		{8A17D343-0178-5B2B-766A-5C22F2C4F880}.Debug|Any CPU.ActiveCfg = Debug|Any CPU
		{8A17D343-0178-5B2B-766A-5C22F2C4F880}.Debug|Any CPU.Build.0 = Debug|Any CPU
		{8A17D343-0178-5B2B-766A-5C22F2C4F880}.Release|Any CPU.ActiveCfg = Release|Any CPU
		{8A17D343-0178-5B2B-766A-5C22F2C4F880}.Release|Any CPU.Build.0 = Release|Any CPU
		{3AFA92B3-35A4-2495-2F6B-1DBF456C360E}.Debug|Any CPU.ActiveCfg = Debug|Any CPU
		{3AFA92B3-35A4-2495-2F6B-1DBF456C360E}.Debug|Any CPU.Build.0 = Debug|Any CPU
		{3AFA92B3-35A4-2495-2F6B-1DBF456C360E}.Release|Any CPU.ActiveCfg = Release|Any CPU
		{3AFA92B3-35A4-2495-2F6B-1DBF456C360E}.Release|Any CPU.Build.0 = Release|Any CPU
		{6EDEF9E3-7784-3D16-10AB-68FB1A62E12C}.Debug|Any CPU.ActiveCfg = Debug|Any CPU
		{6EDEF9E3-7784-3D16-10AB-68FB1A62E12C}.Debug|Any CPU.Build.0 = Debug|Any CPU
		{6EDEF9E3-7784-3D16-10AB-68FB1A62E12C}.Release|Any CPU.ActiveCfg = Release|Any CPU
		{6EDEF9E3-7784-3D16-10AB-68FB1A62E12C}.Release|Any CPU.Build.0 = Release|Any CPU
		{74C8A06F-2CA6-6C45-151B-4A4C64990825}.Debug|Any CPU.ActiveCfg = Debug|Any CPU
		{74C8A06F-2CA6-6C45-151B-4A4C64990825}.Debug|Any CPU.Build.0 = Debug|Any CPU
		{74C8A06F-2CA6-6C45-151B-4A4C64990825}.Release|Any CPU.ActiveCfg = Release|Any CPU
		{74C8A06F-2CA6-6C45-151B-4A4C64990825}.Release|Any CPU.Build.0 = Release|Any CPU
		{52689705-E2D2-DAAE-53F8-8C4B7B4D309A}.Debug|Any CPU.ActiveCfg = Debug|Any CPU
		{52689705-E2D2-DAAE-53F8-8C4B7B4D309A}.Debug|Any CPU.Build.0 = Debug|Any CPU
		{52689705-E2D2-DAAE-53F8-8C4B7B4D309A}.Release|Any CPU.ActiveCfg = Release|Any CPU
		{52689705-E2D2-DAAE-53F8-8C4B7B4D309A}.Release|Any CPU.Build.0 = Release|Any CPU
		{E380711F-38E5-97CE-A6B9-5F8A9CD92135}.Debug|Any CPU.ActiveCfg = Debug|Any CPU
		{E380711F-38E5-97CE-A6B9-5F8A9CD92135}.Debug|Any CPU.Build.0 = Debug|Any CPU
		{E380711F-38E5-97CE-A6B9-5F8A9CD92135}.Release|Any CPU.ActiveCfg = Release|Any CPU
		{E380711F-38E5-97CE-A6B9-5F8A9CD92135}.Release|Any CPU.Build.0 = Release|Any CPU
		{FA0A00FE-7FC5-6261-4F18-874A7489670C}.Debug|Any CPU.ActiveCfg = Debug|Any CPU
		{FA0A00FE-7FC5-6261-4F18-874A7489670C}.Debug|Any CPU.Build.0 = Debug|Any CPU
		{FA0A00FE-7FC5-6261-4F18-874A7489670C}.Release|Any CPU.ActiveCfg = Release|Any CPU
		{FA0A00FE-7FC5-6261-4F18-874A7489670C}.Release|Any CPU.Build.0 = Release|Any CPU
		{5B847E07-BD37-EEED-A19B-171165E366F1}.Debug|Any CPU.ActiveCfg = Debug|Any CPU
		{5B847E07-BD37-EEED-A19B-171165E366F1}.Debug|Any CPU.Build.0 = Debug|Any CPU
		{5B847E07-BD37-EEED-A19B-171165E366F1}.Release|Any CPU.ActiveCfg = Release|Any CPU
		{5B847E07-BD37-EEED-A19B-171165E366F1}.Release|Any CPU.Build.0 = Release|Any CPU
		{36D5DE94-AB39-E244-4935-FB03C68652AA}.Debug|Any CPU.ActiveCfg = Debug|Any CPU
		{36D5DE94-AB39-E244-4935-FB03C68652AA}.Debug|Any CPU.Build.0 = Debug|Any CPU
		{36D5DE94-AB39-E244-4935-FB03C68652AA}.Release|Any CPU.ActiveCfg = Release|Any CPU
		{36D5DE94-AB39-E244-4935-FB03C68652AA}.Release|Any CPU.Build.0 = Release|Any CPU
		{7780B908-A186-8558-E79D-D8D648E47A1A}.Debug|Any CPU.ActiveCfg = Debug|Any CPU
		{7780B908-A186-8558-E79D-D8D648E47A1A}.Debug|Any CPU.Build.0 = Debug|Any CPU
		{7780B908-A186-8558-E79D-D8D648E47A1A}.Release|Any CPU.ActiveCfg = Release|Any CPU
		{7780B908-A186-8558-E79D-D8D648E47A1A}.Release|Any CPU.Build.0 = Release|Any CPU
		{86BD58AE-B011-2B65-45C2-F320289406B6}.Debug|Any CPU.ActiveCfg = Debug|Any CPU
		{86BD58AE-B011-2B65-45C2-F320289406B6}.Debug|Any CPU.Build.0 = Debug|Any CPU
		{86BD58AE-B011-2B65-45C2-F320289406B6}.Release|Any CPU.ActiveCfg = Release|Any CPU
		{86BD58AE-B011-2B65-45C2-F320289406B6}.Release|Any CPU.Build.0 = Release|Any CPU
		{1D576B3C-F444-CA55-371D-950A9893D0B8}.Debug|Any CPU.ActiveCfg = Debug|Any CPU
		{1D576B3C-F444-CA55-371D-950A9893D0B8}.Debug|Any CPU.Build.0 = Debug|Any CPU
		{1D576B3C-F444-CA55-371D-950A9893D0B8}.Release|Any CPU.ActiveCfg = Release|Any CPU
		{1D576B3C-F444-CA55-371D-950A9893D0B8}.Release|Any CPU.Build.0 = Release|Any CPU
		{88BDA64B-E1A9-85D2-71F0-5846D1A4CA21}.Debug|Any CPU.ActiveCfg = Debug|Any CPU
		{88BDA64B-E1A9-85D2-71F0-5846D1A4CA21}.Debug|Any CPU.Build.0 = Debug|Any CPU
		{88BDA64B-E1A9-85D2-71F0-5846D1A4CA21}.Release|Any CPU.ActiveCfg = Release|Any CPU
		{88BDA64B-E1A9-85D2-71F0-5846D1A4CA21}.Release|Any CPU.Build.0 = Release|Any CPU
		{3D2BBD4B-B92A-3D43-23EC-6D1F9BC46A49}.Debug|Any CPU.ActiveCfg = Debug|Any CPU
		{3D2BBD4B-B92A-3D43-23EC-6D1F9BC46A49}.Debug|Any CPU.Build.0 = Debug|Any CPU
		{3D2BBD4B-B92A-3D43-23EC-6D1F9BC46A49}.Release|Any CPU.ActiveCfg = Release|Any CPU
		{3D2BBD4B-B92A-3D43-23EC-6D1F9BC46A49}.Release|Any CPU.Build.0 = Release|Any CPU
		{3D7302FD-3DD9-6CB9-A157-482A3B13C770}.Debug|Any CPU.ActiveCfg = Debug|Any CPU
		{3D7302FD-3DD9-6CB9-A157-482A3B13C770}.Debug|Any CPU.Build.0 = Debug|Any CPU
		{3D7302FD-3DD9-6CB9-A157-482A3B13C770}.Release|Any CPU.ActiveCfg = Release|Any CPU
		{3D7302FD-3DD9-6CB9-A157-482A3B13C770}.Release|Any CPU.Build.0 = Release|Any CPU
		{76820923-C9DD-059F-E247-57220DC802A9}.Debug|Any CPU.ActiveCfg = Debug|Any CPU
		{76820923-C9DD-059F-E247-57220DC802A9}.Debug|Any CPU.Build.0 = Debug|Any CPU
		{76820923-C9DD-059F-E247-57220DC802A9}.Release|Any CPU.ActiveCfg = Release|Any CPU
		{76820923-C9DD-059F-E247-57220DC802A9}.Release|Any CPU.Build.0 = Release|Any CPU
		{E7869540-14B4-5C32-FE92-8A99ECE7ACF5}.Debug|Any CPU.ActiveCfg = Debug|Any CPU
		{E7869540-14B4-5C32-FE92-8A99ECE7ACF5}.Debug|Any CPU.Build.0 = Debug|Any CPU
		{E7869540-14B4-5C32-FE92-8A99ECE7ACF5}.Release|Any CPU.ActiveCfg = Release|Any CPU
		{E7869540-14B4-5C32-FE92-8A99ECE7ACF5}.Release|Any CPU.Build.0 = Release|Any CPU
		{96D939BF-3F2F-66B9-DE55-55F3C9D5A1CD}.Debug|Any CPU.ActiveCfg = Debug|Any CPU
		{96D939BF-3F2F-66B9-DE55-55F3C9D5A1CD}.Debug|Any CPU.Build.0 = Debug|Any CPU
		{96D939BF-3F2F-66B9-DE55-55F3C9D5A1CD}.Release|Any CPU.ActiveCfg = Release|Any CPU
		{96D939BF-3F2F-66B9-DE55-55F3C9D5A1CD}.Release|Any CPU.Build.0 = Release|Any CPU
		{6266D837-E09D-4D14-7C63-D993FEAB327F}.Debug|Any CPU.ActiveCfg = Debug|Any CPU
		{6266D837-E09D-4D14-7C63-D993FEAB327F}.Debug|Any CPU.Build.0 = Debug|Any CPU
		{6266D837-E09D-4D14-7C63-D993FEAB327F}.Release|Any CPU.ActiveCfg = Release|Any CPU
		{6266D837-E09D-4D14-7C63-D993FEAB327F}.Release|Any CPU.Build.0 = Release|Any CPU
		{F40C7DE6-A486-3C8B-969D-358FE0B4C5CC}.Debug|Any CPU.ActiveCfg = Debug|Any CPU
		{F40C7DE6-A486-3C8B-969D-358FE0B4C5CC}.Debug|Any CPU.Build.0 = Debug|Any CPU
		{F40C7DE6-A486-3C8B-969D-358FE0B4C5CC}.Release|Any CPU.ActiveCfg = Release|Any CPU
		{F40C7DE6-A486-3C8B-969D-358FE0B4C5CC}.Release|Any CPU.Build.0 = Release|Any CPU
		{154DB4F9-DB07-F628-789B-4DE3DB2B4264}.Debug|Any CPU.ActiveCfg = Debug|Any CPU
		{154DB4F9-DB07-F628-789B-4DE3DB2B4264}.Debug|Any CPU.Build.0 = Debug|Any CPU
		{154DB4F9-DB07-F628-789B-4DE3DB2B4264}.Release|Any CPU.ActiveCfg = Release|Any CPU
		{154DB4F9-DB07-F628-789B-4DE3DB2B4264}.Release|Any CPU.Build.0 = Release|Any CPU
	EndGlobalSection
	GlobalSection(SolutionProperties) = preSolution
		HideSolutionNode = FALSE
	EndGlobalSection
EndGlobal
